{
  "pins" : [
    {
      "identity" : "ospuze",
      "kind" : "remoteSourceControl",
      "location" : "https://github.com/Eisenhuth/Ospuze",
      "state" : {
        "branch" : "master",
        "revision" : "9bb24b82dc2336bc6ca863bf8b713c245e91a92f"
      }
    },
    {
      "identity" : "yasu",
      "kind" : "remoteSourceControl",
      "location" : "https://github.com/eisenhuth/yasu.git",
      "state" : {
        "branch" : "master",
        "revision" : "ba473d3726cc27aab5de41a61845fdad7b67ca6e"
      }
    }
  ],
  "version" : 2
}
