{
  "originHash" : "4203d7f4982ab2f2512c86fa1766c2e8f32e0af934ba74f7e94a9b04b6fe1112",
  "pins" : [
    {
      "identity" : "ospuze",
      "kind" : "remoteSourceControl",
      "location" : "https://github.com/Eisenhuth/Ospuze",
      "state" : {
        "revision" : "0c756c8def0c74c0f6ffff90829d5827e15f653d",
        "version" : "3.0.0"
      }
    },
    {
      "identity" : "yasu",
      "kind" : "remoteSourceControl",
      "location" : "https://github.com/eisenhuth/yasu.git",
      "state" : {
        "revision" : "ba473d3726cc27aab5de41a61845fdad7b67ca6e",
        "version" : "1.0.1"
      }
    }
  ],
  "version" : 3
}
